
Microsoft Visual Studio Solution File, Format Version 12.00
# Visual Studio Version 16
VisualStudioVersion = 16.0.34601.136
MinimumVisualStudioVersion = 10.0.40219.1
Project("{8BC9CEB8-8B4A-11D0-8D11-00A0C91BC942}") = "lua_lib", "lua_lib\lua_lib.vcxproj", "{E8F6451B-3319-4C91-9FFA-77CCB202ECF7}"
	ProjectSection(ProjectDependencies) = postProject
		{BB982201-E146-4515-B045-337FF16E4347} = {BB982201-E146-4515-B045-337FF16E4347}
		{4FDD8123-B744-4580-9FF1-AA687CBD71B4} = {4FDD8123-B744-4580-9FF1-AA687CBD71B4}
		{50795EAC-FE99-4347-A536-BD5C84FDF49C} = {50795EAC-FE99-4347-A536-BD5C84FDF49C}
	EndProjectSection
EndProject
Project("{8BC9CEB8-8B4A-11D0-8D11-00A0C91BC942}") = "lesson1", "lesson1\lesson1.vcxproj", "{50795EAC-FE99-4347-A536-BD5C84FDF49C}"
EndProject
Project("{8BC9CEB8-8B4A-11D0-8D11-00A0C91BC942}") = "lesson2", "lesson2\lesson2.vcxproj", "{4FDD8123-B744-4580-9FF1-AA687CBD71B4}"
EndProject
Project("{8BC9CEB8-8B4A-11D0-8D11-00A0C91BC942}") = "lesson3", "lesson3\lesson3.vcxproj", "{BB982201-E146-4515-B045-337FF16E4347}"
EndProject
Project("{8BC9CEB8-8B4A-11D0-8D11-00A0C91BC942}") = "lesson4", "lesson4\lesson4.vcxproj", "{E4F29AA4-E325-48D0-AE2D-E3253827897B}"
EndProject
Project("{8BC9CEB8-8B4A-11D0-8D11-00A0C91BC942}") = "lesson5", "lesson5\lesson5.vcxproj", "{37A0BA92-662B-44B8-A9D0-651F2FAB6198}"
EndProject
Project("{8BC9CEB8-8B4A-11D0-8D11-00A0C91BC942}") = "lesson6", "lesson6\lesson6.vcxproj", "{59CF0C3E-0D37-4336-A37A-D8BCC152887B}"
EndProject
Project("{8BC9CEB8-8B4A-11D0-8D11-00A0C91BC942}") = "lesson7", "lesson7\lesson7.vcxproj", "{21053A4F-F9DF-496F-8D64-E28EF468D32E}"
EndProject
Project("{8BC9CEB8-8B4A-11D0-8D11-00A0C91BC942}") = "lesson8", "lesson8\lesson8.vcxproj", "{2E3BC644-6414-420E-ABEB-29D5FCDCD769}"
EndProject
Project("{8BC9CEB8-8B4A-11D0-8D11-00A0C91BC942}") = "lesson9", "lesson9\lesson9.vcxproj", "{706AE400-B9F1-4075-8545-00DE3C56A1DD}"
EndProject
Global
	GlobalSection(SolutionConfigurationPlatforms) = preSolution
		Debug|x64 = Debug|x64
		Debug|x86 = Debug|x86
		Release|x64 = Release|x64
		Release|x86 = Release|x86
	EndGlobalSection
	GlobalSection(ProjectConfigurationPlatforms) = postSolution
		{E8F6451B-3319-4C91-9FFA-77CCB202ECF7}.Debug|x64.ActiveCfg = Debug|x64
		{E8F6451B-3319-4C91-9FFA-77CCB202ECF7}.Debug|x64.Build.0 = Debug|x64
		{E8F6451B-3319-4C91-9FFA-77CCB202ECF7}.Debug|x86.ActiveCfg = Debug|Win32
		{E8F6451B-3319-4C91-9FFA-77CCB202ECF7}.Debug|x86.Build.0 = Debug|Win32
		{E8F6451B-3319-4C91-9FFA-77CCB202ECF7}.Release|x64.ActiveCfg = Release|x64
		{E8F6451B-3319-4C91-9FFA-77CCB202ECF7}.Release|x64.Build.0 = Release|x64
		{E8F6451B-3319-4C91-9FFA-77CCB202ECF7}.Release|x86.ActiveCfg = Release|Win32
		{E8F6451B-3319-4C91-9FFA-77CCB202ECF7}.Release|x86.Build.0 = Release|Win32
		{50795EAC-FE99-4347-A536-BD5C84FDF49C}.Debug|x64.ActiveCfg = Debug|x64
		{50795EAC-FE99-4347-A536-BD5C84FDF49C}.Debug|x64.Build.0 = Debug|x64
		{50795EAC-FE99-4347-A536-BD5C84FDF49C}.Debug|x86.ActiveCfg = Debug|Win32
		{50795EAC-FE99-4347-A536-BD5C84FDF49C}.Debug|x86.Build.0 = Debug|Win32
		{50795EAC-FE99-4347-A536-BD5C84FDF49C}.Release|x64.ActiveCfg = Release|x64
		{50795EAC-FE99-4347-A536-BD5C84FDF49C}.Release|x64.Build.0 = Release|x64
		{50795EAC-FE99-4347-A536-BD5C84FDF49C}.Release|x86.ActiveCfg = Release|Win32
		{50795EAC-FE99-4347-A536-BD5C84FDF49C}.Release|x86.Build.0 = Release|Win32
		{4FDD8123-B744-4580-9FF1-AA687CBD71B4}.Debug|x64.ActiveCfg = Debug|x64
		{4FDD8123-B744-4580-9FF1-AA687CBD71B4}.Debug|x64.Build.0 = Debug|x64
		{4FDD8123-B744-4580-9FF1-AA687CBD71B4}.Debug|x86.ActiveCfg = Debug|Win32
		{4FDD8123-B744-4580-9FF1-AA687CBD71B4}.Debug|x86.Build.0 = Debug|Win32
		{4FDD8123-B744-4580-9FF1-AA687CBD71B4}.Release|x64.ActiveCfg = Release|x64
		{4FDD8123-B744-4580-9FF1-AA687CBD71B4}.Release|x64.Build.0 = Release|x64
		{4FDD8123-B744-4580-9FF1-AA687CBD71B4}.Release|x86.ActiveCfg = Release|Win32
		{4FDD8123-B744-4580-9FF1-AA687CBD71B4}.Release|x86.Build.0 = Release|Win32
		{BB982201-E146-4515-B045-337FF16E4347}.Debug|x64.ActiveCfg = Debug|x64
		{BB982201-E146-4515-B045-337FF16E4347}.Debug|x64.Build.0 = Debug|x64
		{BB982201-E146-4515-B045-337FF16E4347}.Debug|x86.ActiveCfg = Debug|Win32
		{BB982201-E146-4515-B045-337FF16E4347}.Debug|x86.Build.0 = Debug|Win32
		{BB982201-E146-4515-B045-337FF16E4347}.Release|x64.ActiveCfg = Release|x64
		{BB982201-E146-4515-B045-337FF16E4347}.Release|x64.Build.0 = Release|x64
		{BB982201-E146-4515-B045-337FF16E4347}.Release|x86.ActiveCfg = Release|Win32
		{BB982201-E146-4515-B045-337FF16E4347}.Release|x86.Build.0 = Release|Win32
		{E4F29AA4-E325-48D0-AE2D-E3253827897B}.Debug|x64.ActiveCfg = Debug|x64
		{E4F29AA4-E325-48D0-AE2D-E3253827897B}.Debug|x64.Build.0 = Debug|x64
		{E4F29AA4-E325-48D0-AE2D-E3253827897B}.Debug|x86.ActiveCfg = Debug|Win32
		{E4F29AA4-E325-48D0-AE2D-E3253827897B}.Debug|x86.Build.0 = Debug|Win32
		{E4F29AA4-E325-48D0-AE2D-E3253827897B}.Release|x64.ActiveCfg = Release|x64
		{E4F29AA4-E325-48D0-AE2D-E3253827897B}.Release|x64.Build.0 = Release|x64
		{E4F29AA4-E325-48D0-AE2D-E3253827897B}.Release|x86.ActiveCfg = Release|Win32
		{E4F29AA4-E325-48D0-AE2D-E3253827897B}.Release|x86.Build.0 = Release|Win32
		{37A0BA92-662B-44B8-A9D0-651F2FAB6198}.Debug|x64.ActiveCfg = Debug|x64
		{37A0BA92-662B-44B8-A9D0-651F2FAB6198}.Debug|x64.Build.0 = Debug|x64
		{37A0BA92-662B-44B8-A9D0-651F2FAB6198}.Debug|x86.ActiveCfg = Debug|Win32
		{37A0BA92-662B-44B8-A9D0-651F2FAB6198}.Debug|x86.Build.0 = Debug|Win32
		{37A0BA92-662B-44B8-A9D0-651F2FAB6198}.Release|x64.ActiveCfg = Release|x64
		{37A0BA92-662B-44B8-A9D0-651F2FAB6198}.Release|x64.Build.0 = Release|x64
		{37A0BA92-662B-44B8-A9D0-651F2FAB6198}.Release|x86.ActiveCfg = Release|Win32
		{37A0BA92-662B-44B8-A9D0-651F2FAB6198}.Release|x86.Build.0 = Release|Win32
		{59CF0C3E-0D37-4336-A37A-D8BCC152887B}.Debug|x64.ActiveCfg = Debug|x64
		{59CF0C3E-0D37-4336-A37A-D8BCC152887B}.Debug|x64.Build.0 = Debug|x64
		{59CF0C3E-0D37-4336-A37A-D8BCC152887B}.Debug|x86.ActiveCfg = Debug|Win32
		{59CF0C3E-0D37-4336-A37A-D8BCC152887B}.Debug|x86.Build.0 = Debug|Win32
		{59CF0C3E-0D37-4336-A37A-D8BCC152887B}.Release|x64.ActiveCfg = Release|x64
		{59CF0C3E-0D37-4336-A37A-D8BCC152887B}.Release|x64.Build.0 = Release|x64
		{59CF0C3E-0D37-4336-A37A-D8BCC152887B}.Release|x86.ActiveCfg = Release|Win32
		{59CF0C3E-0D37-4336-A37A-D8BCC152887B}.Release|x86.Build.0 = Release|Win32
		{21053A4F-F9DF-496F-8D64-E28EF468D32E}.Debug|x64.ActiveCfg = Debug|x64
		{21053A4F-F9DF-496F-8D64-E28EF468D32E}.Debug|x64.Build.0 = Debug|x64
		{21053A4F-F9DF-496F-8D64-E28EF468D32E}.Debug|x86.ActiveCfg = Debug|Win32
		{21053A4F-F9DF-496F-8D64-E28EF468D32E}.Debug|x86.Build.0 = Debug|Win32
		{21053A4F-F9DF-496F-8D64-E28EF468D32E}.Release|x64.ActiveCfg = Release|x64
		{21053A4F-F9DF-496F-8D64-E28EF468D32E}.Release|x64.Build.0 = Release|x64
		{21053A4F-F9DF-496F-8D64-E28EF468D32E}.Release|x86.ActiveCfg = Release|Win32
		{21053A4F-F9DF-496F-8D64-E28EF468D32E}.Release|x86.Build.0 = Release|Win32
		{2E3BC644-6414-420E-ABEB-29D5FCDCD769}.Debug|x64.ActiveCfg = Debug|x64
		{2E3BC644-6414-420E-ABEB-29D5FCDCD769}.Debug|x64.Build.0 = Debug|x64
		{2E3BC644-6414-420E-ABEB-29D5FCDCD769}.Debug|x86.ActiveCfg = Debug|Win32
		{2E3BC644-6414-420E-ABEB-29D5FCDCD769}.Debug|x86.Build.0 = Debug|Win32
		{2E3BC644-6414-420E-ABEB-29D5FCDCD769}.Release|x64.ActiveCfg = Release|x64
		{2E3BC644-6414-420E-ABEB-29D5FCDCD769}.Release|x64.Build.0 = Release|x64
		{2E3BC644-6414-420E-ABEB-29D5FCDCD769}.Release|x86.ActiveCfg = Release|Win32
		{2E3BC644-6414-420E-ABEB-29D5FCDCD769}.Release|x86.Build.0 = Release|Win32
		{706AE400-B9F1-4075-8545-00DE3C56A1DD}.Debug|x64.ActiveCfg = Debug|x64
		{706AE400-B9F1-4075-8545-00DE3C56A1DD}.Debug|x64.Build.0 = Debug|x64
		{706AE400-B9F1-4075-8545-00DE3C56A1DD}.Debug|x86.ActiveCfg = Debug|Win32
		{706AE400-B9F1-4075-8545-00DE3C56A1DD}.Debug|x86.Build.0 = Debug|Win32
		{706AE400-B9F1-4075-8545-00DE3C56A1DD}.Release|x64.ActiveCfg = Release|x64
		{706AE400-B9F1-4075-8545-00DE3C56A1DD}.Release|x64.Build.0 = Release|x64
		{706AE400-B9F1-4075-8545-00DE3C56A1DD}.Release|x86.ActiveCfg = Release|Win32
		{706AE400-B9F1-4075-8545-00DE3C56A1DD}.Release|x86.Build.0 = Release|Win32
	EndGlobalSection
	GlobalSection(SolutionProperties) = preSolution
		HideSolutionNode = FALSE
	EndGlobalSection
	GlobalSection(ExtensibilityGlobals) = postSolution
		SolutionGuid = {60B74764-2597-4268-8DC3-32881E6EB3AF}
	EndGlobalSection
EndGlobal
